
Microsoft Visual Studio Solution File, Format Version 12.00
Project("{FAE04EC0-301F-11D3-BF4B-00C04F79EFBC}") = "WebApp", "WebApp\WebApp.csproj", "{DF8ED486-21B0-43AF-81E3-44EC3D86BCEE}"
EndProject
Project("{2150E333-8FDC-42A3-9474-1A3956D46DE8}") = "DOMAIN", "DOMAIN", "{66F0C776-A3C3-495D-A1A7-7CF0284D7E7A}"
EndProject
Project("{2150E333-8FDC-42A3-9474-1A3956D46DE8}") = "BLL", "BLL", "{59EF1C27-C197-4BF3-ABF5-1A5F77F40634}"
EndProject
Project("{2150E333-8FDC-42A3-9474-1A3956D46DE8}") = "DAL", "DAL", "{EEFDB417-A9DE-4DA0-B550-C48DA4705EC9}"
EndProject
Project("{FAE04EC0-301F-11D3-BF4B-00C04F79EFBC}") = "Base.Domain", "Base.Domain\Base.Domain.csproj", "{7F82B797-05EF-4A33-8598-1A82D9601788}"
EndProject
Project("{FAE04EC0-301F-11D3-BF4B-00C04F79EFBC}") = "App.Domain", "App.Domain\App.Domain.csproj", "{DD93DB29-A539-4429-A2AD-C7D695EE53E7}"
EndProject
Project("{FAE04EC0-301F-11D3-BF4B-00C04F79EFBC}") = "App.DAL.EF", "App.DAL.EF\App.DAL.EF.csproj", "{38B2A392-54CE-40A3-8CCD-8E333423D37A}"
EndProject
Project("{FAE04EC0-301F-11D3-BF4B-00C04F79EFBC}") = "Base.Domain.Contracts", "Base.Domain.Contracts\Base.Domain.Contracts.csproj", "{8619600F-81E3-44FA-BF3B-E58F05EB6EA0}"
EndProject
Project("{FAE04EC0-301F-11D3-BF4B-00C04F79EFBC}") = "Base.DAL.EF", "Base.DAL.EF\Base.DAL.EF.csproj", "{3AF8BE30-F9AD-4FFF-9511-D749752B8548}"
EndProject
Project("{FAE04EC0-301F-11D3-BF4B-00C04F79EFBC}") = "Base.DAL.EF.Contracts", "Base.DAL.EF.Contracts\Base.DAL.EF.Contracts.csproj", "{5E8DC5BD-EAED-4F81-85F5-D234D236088E}"
EndProject
Project("{FAE04EC0-301F-11D3-BF4B-00C04F79EFBC}") = "App.DAL.EF.Contracts", "App.DAL.EF.Contracts\App.DAL.EF.Contracts.csproj", "{EF129A29-0C8D-4B50-B49C-0A8EB2289099}"
EndProject
Global
	GlobalSection(SolutionConfigurationPlatforms) = preSolution
		Debug|Any CPU = Debug|Any CPU
		Release|Any CPU = Release|Any CPU
	EndGlobalSection
	GlobalSection(ProjectConfigurationPlatforms) = postSolution
		{DF8ED486-21B0-43AF-81E3-44EC3D86BCEE}.Debug|Any CPU.ActiveCfg = Debug|Any CPU
		{DF8ED486-21B0-43AF-81E3-44EC3D86BCEE}.Debug|Any CPU.Build.0 = Debug|Any CPU
		{DF8ED486-21B0-43AF-81E3-44EC3D86BCEE}.Release|Any CPU.ActiveCfg = Release|Any CPU
		{DF8ED486-21B0-43AF-81E3-44EC3D86BCEE}.Release|Any CPU.Build.0 = Release|Any CPU
		{7F82B797-05EF-4A33-8598-1A82D9601788}.Debug|Any CPU.ActiveCfg = Debug|Any CPU
		{7F82B797-05EF-4A33-8598-1A82D9601788}.Debug|Any CPU.Build.0 = Debug|Any CPU
		{7F82B797-05EF-4A33-8598-1A82D9601788}.Release|Any CPU.ActiveCfg = Release|Any CPU
		{7F82B797-05EF-4A33-8598-1A82D9601788}.Release|Any CPU.Build.0 = Release|Any CPU
		{DD93DB29-A539-4429-A2AD-C7D695EE53E7}.Debug|Any CPU.ActiveCfg = Debug|Any CPU
		{DD93DB29-A539-4429-A2AD-C7D695EE53E7}.Debug|Any CPU.Build.0 = Debug|Any CPU
		{DD93DB29-A539-4429-A2AD-C7D695EE53E7}.Release|Any CPU.ActiveCfg = Release|Any CPU
		{DD93DB29-A539-4429-A2AD-C7D695EE53E7}.Release|Any CPU.Build.0 = Release|Any CPU
		{38B2A392-54CE-40A3-8CCD-8E333423D37A}.Debug|Any CPU.ActiveCfg = Debug|Any CPU
		{38B2A392-54CE-40A3-8CCD-8E333423D37A}.Debug|Any CPU.Build.0 = Debug|Any CPU
		{38B2A392-54CE-40A3-8CCD-8E333423D37A}.Release|Any CPU.ActiveCfg = Release|Any CPU
		{38B2A392-54CE-40A3-8CCD-8E333423D37A}.Release|Any CPU.Build.0 = Release|Any CPU
		{8619600F-81E3-44FA-BF3B-E58F05EB6EA0}.Debug|Any CPU.ActiveCfg = Debug|Any CPU
		{8619600F-81E3-44FA-BF3B-E58F05EB6EA0}.Debug|Any CPU.Build.0 = Debug|Any CPU
		{8619600F-81E3-44FA-BF3B-E58F05EB6EA0}.Release|Any CPU.ActiveCfg = Release|Any CPU
		{8619600F-81E3-44FA-BF3B-E58F05EB6EA0}.Release|Any CPU.Build.0 = Release|Any CPU
		{3AF8BE30-F9AD-4FFF-9511-D749752B8548}.Debug|Any CPU.ActiveCfg = Debug|Any CPU
		{3AF8BE30-F9AD-4FFF-9511-D749752B8548}.Debug|Any CPU.Build.0 = Debug|Any CPU
		{3AF8BE30-F9AD-4FFF-9511-D749752B8548}.Release|Any CPU.ActiveCfg = Release|Any CPU
		{3AF8BE30-F9AD-4FFF-9511-D749752B8548}.Release|Any CPU.Build.0 = Release|Any CPU
		{5E8DC5BD-EAED-4F81-85F5-D234D236088E}.Debug|Any CPU.ActiveCfg = Debug|Any CPU
		{5E8DC5BD-EAED-4F81-85F5-D234D236088E}.Debug|Any CPU.Build.0 = Debug|Any CPU
		{5E8DC5BD-EAED-4F81-85F5-D234D236088E}.Release|Any CPU.ActiveCfg = Release|Any CPU
		{5E8DC5BD-EAED-4F81-85F5-D234D236088E}.Release|Any CPU.Build.0 = Release|Any CPU
		{EF129A29-0C8D-4B50-B49C-0A8EB2289099}.Debug|Any CPU.ActiveCfg = Debug|Any CPU
		{EF129A29-0C8D-4B50-B49C-0A8EB2289099}.Debug|Any CPU.Build.0 = Debug|Any CPU
		{EF129A29-0C8D-4B50-B49C-0A8EB2289099}.Release|Any CPU.ActiveCfg = Release|Any CPU
		{EF129A29-0C8D-4B50-B49C-0A8EB2289099}.Release|Any CPU.Build.0 = Release|Any CPU
	EndGlobalSection
	GlobalSection(NestedProjects) = preSolution
		{7F82B797-05EF-4A33-8598-1A82D9601788} = {66F0C776-A3C3-495D-A1A7-7CF0284D7E7A}
		{DD93DB29-A539-4429-A2AD-C7D695EE53E7} = {66F0C776-A3C3-495D-A1A7-7CF0284D7E7A}
		{38B2A392-54CE-40A3-8CCD-8E333423D37A} = {EEFDB417-A9DE-4DA0-B550-C48DA4705EC9}
		{8619600F-81E3-44FA-BF3B-E58F05EB6EA0} = {66F0C776-A3C3-495D-A1A7-7CF0284D7E7A}
		{3AF8BE30-F9AD-4FFF-9511-D749752B8548} = {EEFDB417-A9DE-4DA0-B550-C48DA4705EC9}
		{5E8DC5BD-EAED-4F81-85F5-D234D236088E} = {EEFDB417-A9DE-4DA0-B550-C48DA4705EC9}
		{EF129A29-0C8D-4B50-B49C-0A8EB2289099} = {EEFDB417-A9DE-4DA0-B550-C48DA4705EC9}
	EndGlobalSection
EndGlobal
