
Microsoft Visual Studio Solution File, Format Version 12.00
Project("{FAE04EC0-301F-11D3-BF4B-00C04F79EFBC}") = "WebApp", "WebApp\WebApp.csproj", "{DF8ED486-21B0-43AF-81E3-44EC3D86BCEE}"
EndProject
Project("{2150E333-8FDC-42A3-9474-1A3956D46DE8}") = "DOMAIN", "DOMAIN", "{66F0C776-A3C3-495D-A1A7-7CF0284D7E7A}"
EndProject
Project("{2150E333-8FDC-42A3-9474-1A3956D46DE8}") = "BLL", "BLL", "{59EF1C27-C197-4BF3-ABF5-1A5F77F40634}"
EndProject
Project("{2150E333-8FDC-42A3-9474-1A3956D46DE8}") = "DAL", "DAL", "{EEFDB417-A9DE-4DA0-B550-C48DA4705EC9}"
EndProject
Project("{FAE04EC0-301F-11D3-BF4B-00C04F79EFBC}") = "Base.Domain", "Base.Domain\Base.Domain.csproj", "{7F82B797-05EF-4A33-8598-1A82D9601788}"
EndProject
Project("{FAE04EC0-301F-11D3-BF4B-00C04F79EFBC}") = "App.Domain", "App.Domain\App.Domain.csproj", "{DD93DB29-A539-4429-A2AD-C7D695EE53E7}"
EndProject
Project("{FAE04EC0-301F-11D3-BF4B-00C04F79EFBC}") = "App.DAL.EF", "App.DAL.EF\App.DAL.EF.csproj", "{38B2A392-54CE-40A3-8CCD-8E333423D37A}"
EndProject
Project("{FAE04EC0-301F-11D3-BF4B-00C04F79EFBC}") = "Base.Domain.Contracts", "Base.Domain.Contracts\Base.Domain.Contracts.csproj", "{8619600F-81E3-44FA-BF3B-E58F05EB6EA0}"
EndProject
Project("{FAE04EC0-301F-11D3-BF4B-00C04F79EFBC}") = "Base.DAL.EF", "Base.DAL.EF\Base.DAL.EF.csproj", "{3AF8BE30-F9AD-4FFF-9511-D749752B8548}"
EndProject
Project("{FAE04EC0-301F-11D3-BF4B-00C04F79EFBC}") = "Base.DAL.EF.Contracts", "Base.DAL.EF.Contracts\Base.DAL.EF.Contracts.csproj", "{5E8DC5BD-EAED-4F81-85F5-D234D236088E}"
EndProject
Project("{2150E333-8FDC-42A3-9474-1A3956D46DE8}") = "PUBLIC", "PUBLIC", "{816D359D-AE3A-4F2E-93DD-28F9476A208E}"
EndProject
Project("{FAE04EC0-301F-11D3-BF4B-00C04F79EFBC}") = "PUBLIC.DTO", "PUBLIC.DTO\PUBLIC.DTO.csproj", "{4D386B0D-B607-4B37-B06E-F4FD3249E8A7}"
EndProject
Project("{FAE04EC0-301F-11D3-BF4B-00C04F79EFBC}") = "BLL.DTO", "BLL.DTO\BLL.DTO.csproj", "{74726321-BA8A-4045-A554-53D4A7179BB2}"
EndProject
Project("{FAE04EC0-301F-11D3-BF4B-00C04F79EFBC}") = "DAL.DTO", "DAL.DTO\DAL.DTO.csproj", "{D4491B8D-42A7-4DE1-B261-6EBB91EDF6EF}"
EndProject
Project("{FAE04EC0-301F-11D3-BF4B-00C04F79EFBC}") = "Base.BLL", "Base.BLL\Base.BLL.csproj", "{6E848EEC-C9D8-4EAF-8C97-E0093676125B}"
EndProject
Project("{FAE04EC0-301F-11D3-BF4B-00C04F79EFBC}") = "Base.BLL.Contracts", "Base.BLL.Contracts\Base.BLL.Contracts.csproj", "{BE4C428D-8484-4B2D-9F14-35D25ABF6601}"
EndProject
Project("{FAE04EC0-301F-11D3-BF4B-00C04F79EFBC}") = "App.BLL", "App.BLL\App.BLL.csproj", "{4365C075-4445-4CF8-A224-7F73C5F183E7}"
EndProject
Project("{FAE04EC0-301F-11D3-BF4B-00C04F79EFBC}") = "App.BLL.Contracts", "App.BLL.Contracts\App.BLL.Contracts.csproj", "{4CB306B2-30C3-494E-AB6E-662BF854BFA4}"
EndProject
Project("{2150E333-8FDC-42A3-9474-1A3956D46DE8}") = "BASE", "BASE", "{791E2341-780C-4F9C-87A5-8E6EFC076238}"
EndProject
Project("{FAE04EC0-301F-11D3-BF4B-00C04F79EFBC}") = "Base.Contracts", "Base.Contracts\Base.Contracts.csproj", "{450A4B61-AFA0-4F2F-A56E-E1426AD0CE23}"
EndProject
Project("{FAE04EC0-301F-11D3-BF4B-00C04F79EFBC}") = "Base.DAL", "Base.DAL\Base.DAL.csproj", "{0344ABDD-BD01-459A-82F6-E16D264A032B}"
EndProject
Project("{FAE04EC0-301F-11D3-BF4B-00C04F79EFBC}") = "App.DAL.Contracts", "App.DAL.Contracts\App.DAL.Contracts.csproj", "{ECC3BDD9-5FD0-4162-9D0E-436F4D72347A}"
EndProject
Project("{2150E333-8FDC-42A3-9474-1A3956D46DE8}") = "TESTS", "TESTS", "{C93CE66D-2B76-427E-8CA3-A02C2AA6319A}"
EndProject
Project("{FAE04EC0-301F-11D3-BF4B-00C04F79EFBC}") = "Integration", "Integration\Integration.csproj", "{363D1A86-E1CF-487E-B101-77CF13A3B1BB}"
EndProject
Project("{FAE04EC0-301F-11D3-BF4B-00C04F79EFBC}") = "Factory", "Factory\Factory.csproj", "{1E55CAD9-0DE2-4B96-8F8A-41886F1C8241}"
EndProject
Project("{2150E333-8FDC-42A3-9474-1A3956D46DE8}") = "Helpers", "Helpers", "{FA5B667E-C854-402E-B6FB-A044DB5CC422}"
EndProject
Project("{FAE04EC0-301F-11D3-BF4B-00C04F79EFBC}") = "Helpers", "Helpers\Helpers.csproj", "{DC0DE7B3-0F2D-41A8-B544-15A077259CA4}"
EndProject
Project("{FAE04EC0-301F-11D3-BF4B-00C04F79EFBC}") = "NUnitTests", "NUnitTests\NUnitTests.csproj", "{84E21FCE-811A-4D00-B081-999633CD683D}"
EndProject
Project("{FAE04EC0-301F-11D3-BF4B-00C04F79EFBC}") = "XUnitTests", "XUnitTests\XUnitTests.csproj", "{E90D2012-7CC8-486D-B8CE-DB11CED0D81B}"
EndProject
Global
	GlobalSection(SolutionConfigurationPlatforms) = preSolution
		Debug|Any CPU = Debug|Any CPU
		Release|Any CPU = Release|Any CPU
	EndGlobalSection
	GlobalSection(ProjectConfigurationPlatforms) = postSolution
		{DF8ED486-21B0-43AF-81E3-44EC3D86BCEE}.Debug|Any CPU.ActiveCfg = Debug|Any CPU
		{DF8ED486-21B0-43AF-81E3-44EC3D86BCEE}.Debug|Any CPU.Build.0 = Debug|Any CPU
		{DF8ED486-21B0-43AF-81E3-44EC3D86BCEE}.Release|Any CPU.ActiveCfg = Release|Any CPU
		{DF8ED486-21B0-43AF-81E3-44EC3D86BCEE}.Release|Any CPU.Build.0 = Release|Any CPU
		{7F82B797-05EF-4A33-8598-1A82D9601788}.Debug|Any CPU.ActiveCfg = Debug|Any CPU
		{7F82B797-05EF-4A33-8598-1A82D9601788}.Debug|Any CPU.Build.0 = Debug|Any CPU
		{7F82B797-05EF-4A33-8598-1A82D9601788}.Release|Any CPU.ActiveCfg = Release|Any CPU
		{7F82B797-05EF-4A33-8598-1A82D9601788}.Release|Any CPU.Build.0 = Release|Any CPU
		{DD93DB29-A539-4429-A2AD-C7D695EE53E7}.Debug|Any CPU.ActiveCfg = Debug|Any CPU
		{DD93DB29-A539-4429-A2AD-C7D695EE53E7}.Debug|Any CPU.Build.0 = Debug|Any CPU
		{DD93DB29-A539-4429-A2AD-C7D695EE53E7}.Release|Any CPU.ActiveCfg = Release|Any CPU
		{DD93DB29-A539-4429-A2AD-C7D695EE53E7}.Release|Any CPU.Build.0 = Release|Any CPU
		{38B2A392-54CE-40A3-8CCD-8E333423D37A}.Debug|Any CPU.ActiveCfg = Debug|Any CPU
		{38B2A392-54CE-40A3-8CCD-8E333423D37A}.Debug|Any CPU.Build.0 = Debug|Any CPU
		{38B2A392-54CE-40A3-8CCD-8E333423D37A}.Release|Any CPU.ActiveCfg = Release|Any CPU
		{38B2A392-54CE-40A3-8CCD-8E333423D37A}.Release|Any CPU.Build.0 = Release|Any CPU
		{8619600F-81E3-44FA-BF3B-E58F05EB6EA0}.Debug|Any CPU.ActiveCfg = Debug|Any CPU
		{8619600F-81E3-44FA-BF3B-E58F05EB6EA0}.Debug|Any CPU.Build.0 = Debug|Any CPU
		{8619600F-81E3-44FA-BF3B-E58F05EB6EA0}.Release|Any CPU.ActiveCfg = Release|Any CPU
		{8619600F-81E3-44FA-BF3B-E58F05EB6EA0}.Release|Any CPU.Build.0 = Release|Any CPU
		{3AF8BE30-F9AD-4FFF-9511-D749752B8548}.Debug|Any CPU.ActiveCfg = Debug|Any CPU
		{3AF8BE30-F9AD-4FFF-9511-D749752B8548}.Debug|Any CPU.Build.0 = Debug|Any CPU
		{3AF8BE30-F9AD-4FFF-9511-D749752B8548}.Release|Any CPU.ActiveCfg = Release|Any CPU
		{3AF8BE30-F9AD-4FFF-9511-D749752B8548}.Release|Any CPU.Build.0 = Release|Any CPU
		{5E8DC5BD-EAED-4F81-85F5-D234D236088E}.Debug|Any CPU.ActiveCfg = Debug|Any CPU
		{5E8DC5BD-EAED-4F81-85F5-D234D236088E}.Debug|Any CPU.Build.0 = Debug|Any CPU
		{5E8DC5BD-EAED-4F81-85F5-D234D236088E}.Release|Any CPU.ActiveCfg = Release|Any CPU
		{5E8DC5BD-EAED-4F81-85F5-D234D236088E}.Release|Any CPU.Build.0 = Release|Any CPU
		{4D386B0D-B607-4B37-B06E-F4FD3249E8A7}.Debug|Any CPU.ActiveCfg = Debug|Any CPU
		{4D386B0D-B607-4B37-B06E-F4FD3249E8A7}.Debug|Any CPU.Build.0 = Debug|Any CPU
		{4D386B0D-B607-4B37-B06E-F4FD3249E8A7}.Release|Any CPU.ActiveCfg = Release|Any CPU
		{4D386B0D-B607-4B37-B06E-F4FD3249E8A7}.Release|Any CPU.Build.0 = Release|Any CPU
		{74726321-BA8A-4045-A554-53D4A7179BB2}.Debug|Any CPU.ActiveCfg = Debug|Any CPU
		{74726321-BA8A-4045-A554-53D4A7179BB2}.Debug|Any CPU.Build.0 = Debug|Any CPU
		{74726321-BA8A-4045-A554-53D4A7179BB2}.Release|Any CPU.ActiveCfg = Release|Any CPU
		{74726321-BA8A-4045-A554-53D4A7179BB2}.Release|Any CPU.Build.0 = Release|Any CPU
		{D4491B8D-42A7-4DE1-B261-6EBB91EDF6EF}.Debug|Any CPU.ActiveCfg = Debug|Any CPU
		{D4491B8D-42A7-4DE1-B261-6EBB91EDF6EF}.Debug|Any CPU.Build.0 = Debug|Any CPU
		{D4491B8D-42A7-4DE1-B261-6EBB91EDF6EF}.Release|Any CPU.ActiveCfg = Release|Any CPU
		{D4491B8D-42A7-4DE1-B261-6EBB91EDF6EF}.Release|Any CPU.Build.0 = Release|Any CPU
		{6E848EEC-C9D8-4EAF-8C97-E0093676125B}.Debug|Any CPU.ActiveCfg = Debug|Any CPU
		{6E848EEC-C9D8-4EAF-8C97-E0093676125B}.Debug|Any CPU.Build.0 = Debug|Any CPU
		{6E848EEC-C9D8-4EAF-8C97-E0093676125B}.Release|Any CPU.ActiveCfg = Release|Any CPU
		{6E848EEC-C9D8-4EAF-8C97-E0093676125B}.Release|Any CPU.Build.0 = Release|Any CPU
		{BE4C428D-8484-4B2D-9F14-35D25ABF6601}.Debug|Any CPU.ActiveCfg = Debug|Any CPU
		{BE4C428D-8484-4B2D-9F14-35D25ABF6601}.Debug|Any CPU.Build.0 = Debug|Any CPU
		{BE4C428D-8484-4B2D-9F14-35D25ABF6601}.Release|Any CPU.ActiveCfg = Release|Any CPU
		{BE4C428D-8484-4B2D-9F14-35D25ABF6601}.Release|Any CPU.Build.0 = Release|Any CPU
		{4365C075-4445-4CF8-A224-7F73C5F183E7}.Debug|Any CPU.ActiveCfg = Debug|Any CPU
		{4365C075-4445-4CF8-A224-7F73C5F183E7}.Debug|Any CPU.Build.0 = Debug|Any CPU
		{4365C075-4445-4CF8-A224-7F73C5F183E7}.Release|Any CPU.ActiveCfg = Release|Any CPU
		{4365C075-4445-4CF8-A224-7F73C5F183E7}.Release|Any CPU.Build.0 = Release|Any CPU
		{4CB306B2-30C3-494E-AB6E-662BF854BFA4}.Debug|Any CPU.ActiveCfg = Debug|Any CPU
		{4CB306B2-30C3-494E-AB6E-662BF854BFA4}.Debug|Any CPU.Build.0 = Debug|Any CPU
		{4CB306B2-30C3-494E-AB6E-662BF854BFA4}.Release|Any CPU.ActiveCfg = Release|Any CPU
		{4CB306B2-30C3-494E-AB6E-662BF854BFA4}.Release|Any CPU.Build.0 = Release|Any CPU
		{450A4B61-AFA0-4F2F-A56E-E1426AD0CE23}.Debug|Any CPU.ActiveCfg = Debug|Any CPU
		{450A4B61-AFA0-4F2F-A56E-E1426AD0CE23}.Debug|Any CPU.Build.0 = Debug|Any CPU
		{450A4B61-AFA0-4F2F-A56E-E1426AD0CE23}.Release|Any CPU.ActiveCfg = Release|Any CPU
		{450A4B61-AFA0-4F2F-A56E-E1426AD0CE23}.Release|Any CPU.Build.0 = Release|Any CPU
		{0344ABDD-BD01-459A-82F6-E16D264A032B}.Debug|Any CPU.ActiveCfg = Debug|Any CPU
		{0344ABDD-BD01-459A-82F6-E16D264A032B}.Debug|Any CPU.Build.0 = Debug|Any CPU
		{0344ABDD-BD01-459A-82F6-E16D264A032B}.Release|Any CPU.ActiveCfg = Release|Any CPU
		{0344ABDD-BD01-459A-82F6-E16D264A032B}.Release|Any CPU.Build.0 = Release|Any CPU
		{ECC3BDD9-5FD0-4162-9D0E-436F4D72347A}.Debug|Any CPU.ActiveCfg = Debug|Any CPU
		{ECC3BDD9-5FD0-4162-9D0E-436F4D72347A}.Debug|Any CPU.Build.0 = Debug|Any CPU
		{ECC3BDD9-5FD0-4162-9D0E-436F4D72347A}.Release|Any CPU.ActiveCfg = Release|Any CPU
		{ECC3BDD9-5FD0-4162-9D0E-436F4D72347A}.Release|Any CPU.Build.0 = Release|Any CPU
		{363D1A86-E1CF-487E-B101-77CF13A3B1BB}.Debug|Any CPU.ActiveCfg = Debug|Any CPU
		{363D1A86-E1CF-487E-B101-77CF13A3B1BB}.Debug|Any CPU.Build.0 = Debug|Any CPU
		{363D1A86-E1CF-487E-B101-77CF13A3B1BB}.Release|Any CPU.ActiveCfg = Release|Any CPU
		{363D1A86-E1CF-487E-B101-77CF13A3B1BB}.Release|Any CPU.Build.0 = Release|Any CPU
		{1E55CAD9-0DE2-4B96-8F8A-41886F1C8241}.Debug|Any CPU.ActiveCfg = Debug|Any CPU
		{1E55CAD9-0DE2-4B96-8F8A-41886F1C8241}.Debug|Any CPU.Build.0 = Debug|Any CPU
		{1E55CAD9-0DE2-4B96-8F8A-41886F1C8241}.Release|Any CPU.ActiveCfg = Release|Any CPU
		{1E55CAD9-0DE2-4B96-8F8A-41886F1C8241}.Release|Any CPU.Build.0 = Release|Any CPU
		{DC0DE7B3-0F2D-41A8-B544-15A077259CA4}.Debug|Any CPU.ActiveCfg = Debug|Any CPU
		{DC0DE7B3-0F2D-41A8-B544-15A077259CA4}.Debug|Any CPU.Build.0 = Debug|Any CPU
		{DC0DE7B3-0F2D-41A8-B544-15A077259CA4}.Release|Any CPU.ActiveCfg = Release|Any CPU
		{DC0DE7B3-0F2D-41A8-B544-15A077259CA4}.Release|Any CPU.Build.0 = Release|Any CPU
		{84E21FCE-811A-4D00-B081-999633CD683D}.Debug|Any CPU.ActiveCfg = Debug|Any CPU
		{84E21FCE-811A-4D00-B081-999633CD683D}.Debug|Any CPU.Build.0 = Debug|Any CPU
		{84E21FCE-811A-4D00-B081-999633CD683D}.Release|Any CPU.ActiveCfg = Release|Any CPU
		{84E21FCE-811A-4D00-B081-999633CD683D}.Release|Any CPU.Build.0 = Release|Any CPU
		{E90D2012-7CC8-486D-B8CE-DB11CED0D81B}.Debug|Any CPU.ActiveCfg = Debug|Any CPU
		{E90D2012-7CC8-486D-B8CE-DB11CED0D81B}.Debug|Any CPU.Build.0 = Debug|Any CPU
		{E90D2012-7CC8-486D-B8CE-DB11CED0D81B}.Release|Any CPU.ActiveCfg = Release|Any CPU
		{E90D2012-7CC8-486D-B8CE-DB11CED0D81B}.Release|Any CPU.Build.0 = Release|Any CPU
	EndGlobalSection
	GlobalSection(NestedProjects) = preSolution
		{7F82B797-05EF-4A33-8598-1A82D9601788} = {66F0C776-A3C3-495D-A1A7-7CF0284D7E7A}
		{DD93DB29-A539-4429-A2AD-C7D695EE53E7} = {66F0C776-A3C3-495D-A1A7-7CF0284D7E7A}
		{38B2A392-54CE-40A3-8CCD-8E333423D37A} = {EEFDB417-A9DE-4DA0-B550-C48DA4705EC9}
		{8619600F-81E3-44FA-BF3B-E58F05EB6EA0} = {66F0C776-A3C3-495D-A1A7-7CF0284D7E7A}
		{3AF8BE30-F9AD-4FFF-9511-D749752B8548} = {EEFDB417-A9DE-4DA0-B550-C48DA4705EC9}
		{5E8DC5BD-EAED-4F81-85F5-D234D236088E} = {EEFDB417-A9DE-4DA0-B550-C48DA4705EC9}
		{4D386B0D-B607-4B37-B06E-F4FD3249E8A7} = {816D359D-AE3A-4F2E-93DD-28F9476A208E}
		{74726321-BA8A-4045-A554-53D4A7179BB2} = {59EF1C27-C197-4BF3-ABF5-1A5F77F40634}
		{D4491B8D-42A7-4DE1-B261-6EBB91EDF6EF} = {EEFDB417-A9DE-4DA0-B550-C48DA4705EC9}
		{6E848EEC-C9D8-4EAF-8C97-E0093676125B} = {59EF1C27-C197-4BF3-ABF5-1A5F77F40634}
		{BE4C428D-8484-4B2D-9F14-35D25ABF6601} = {59EF1C27-C197-4BF3-ABF5-1A5F77F40634}
		{4365C075-4445-4CF8-A224-7F73C5F183E7} = {59EF1C27-C197-4BF3-ABF5-1A5F77F40634}
		{4CB306B2-30C3-494E-AB6E-662BF854BFA4} = {59EF1C27-C197-4BF3-ABF5-1A5F77F40634}
		{450A4B61-AFA0-4F2F-A56E-E1426AD0CE23} = {791E2341-780C-4F9C-87A5-8E6EFC076238}
		{0344ABDD-BD01-459A-82F6-E16D264A032B} = {791E2341-780C-4F9C-87A5-8E6EFC076238}
		{ECC3BDD9-5FD0-4162-9D0E-436F4D72347A} = {EEFDB417-A9DE-4DA0-B550-C48DA4705EC9}
		{363D1A86-E1CF-487E-B101-77CF13A3B1BB} = {C93CE66D-2B76-427E-8CA3-A02C2AA6319A}
		{1E55CAD9-0DE2-4B96-8F8A-41886F1C8241} = {C93CE66D-2B76-427E-8CA3-A02C2AA6319A}
		{DC0DE7B3-0F2D-41A8-B544-15A077259CA4} = {FA5B667E-C854-402E-B6FB-A044DB5CC422}
		{84E21FCE-811A-4D00-B081-999633CD683D} = {C93CE66D-2B76-427E-8CA3-A02C2AA6319A}
		{E90D2012-7CC8-486D-B8CE-DB11CED0D81B} = {C93CE66D-2B76-427E-8CA3-A02C2AA6319A}
	EndGlobalSection
EndGlobal
